
Microsoft Visual Studio Solution File, Format Version 12.00
# Visual Studio 15
VisualStudioVersion = 15.0.26430.16
MinimumVisualStudioVersion = 10.0.40219.1
Project("{8BC9CEB8-8B4A-11D0-8D11-00A0C91BC942}") = "OOP", "OOPvsDOD\OOPvsDOD.vcxproj", "{762E1FA0-3ADE-4705-B512-14010F932BB0}"
EndProject
Project("{8BC9CEB8-8B4A-11D0-8D11-00A0C91BC942}") = "DOD", "DOD\DOD.vcxproj", "{C81D37FF-F076-47D6-B8CA-3BC21B4F627E}"
EndProject
Global
	GlobalSection(SolutionConfigurationPlatforms) = preSolution
		Debug|x64 = Debug|x64
		Debug|x86 = Debug|x86
		Release|x64 = Release|x64
		Release|x86 = Release|x86
	EndGlobalSection
	GlobalSection(ProjectConfigurationPlatforms) = postSolution
		{762E1FA0-3ADE-4705-B512-14010F932BB0}.Debug|x64.ActiveCfg = Debug|x64
		{762E1FA0-3ADE-4705-B512-14010F932BB0}.Debug|x64.Build.0 = Debug|x64
		{762E1FA0-3ADE-4705-B512-14010F932BB0}.Debug|x86.ActiveCfg = Debug|Win32
		{762E1FA0-3ADE-4705-B512-14010F932BB0}.Debug|x86.Build.0 = Debug|Win32
		{762E1FA0-3ADE-4705-B512-14010F932BB0}.Release|x64.ActiveCfg = Release|x64
		{762E1FA0-3ADE-4705-B512-14010F932BB0}.Release|x64.Build.0 = Release|x64
		{762E1FA0-3ADE-4705-B512-14010F932BB0}.Release|x86.ActiveCfg = Release|Win32
		{762E1FA0-3ADE-4705-B512-14010F932BB0}.Release|x86.Build.0 = Release|Win32
		{C81D37FF-F076-47D6-B8CA-3BC21B4F627E}.Debug|x64.ActiveCfg = Debug|x64
		{C81D37FF-F076-47D6-B8CA-3BC21B4F627E}.Debug|x64.Build.0 = Debug|x64
		{C81D37FF-F076-47D6-B8CA-3BC21B4F627E}.Debug|x86.ActiveCfg = Debug|Win32
		{C81D37FF-F076-47D6-B8CA-3BC21B4F627E}.Debug|x86.Build.0 = Debug|Win32
		{C81D37FF-F076-47D6-B8CA-3BC21B4F627E}.Release|x64.ActiveCfg = Release|x64
		{C81D37FF-F076-47D6-B8CA-3BC21B4F627E}.Release|x64.Build.0 = Release|x64
		{C81D37FF-F076-47D6-B8CA-3BC21B4F627E}.Release|x86.ActiveCfg = Release|Win32
		{C81D37FF-F076-47D6-B8CA-3BC21B4F627E}.Release|x86.Build.0 = Release|Win32
	EndGlobalSection
	GlobalSection(SolutionProperties) = preSolution
		HideSolutionNode = FALSE
	EndGlobalSection
EndGlobal
